
Microsoft Visual Studio Solution File, Format Version 12.00
Project("{2150E333-8FDC-42A3-9474-1A3956D46DE8}") = "02_UserLogic（前端逻辑）", "02_UserLogic（前端逻辑）", "{3920FFE5-9D7F-4C0B-865E-076477D71D99}"
EndProject
Project("{2150E333-8FDC-42A3-9474-1A3956D46DE8}") = "01_UserInterface（前端界面）", "01_UserInterface（前端界面）", "{006D1F16-0D6D-47C1-90B6-10B934ABB579}"
EndProject
Project("{2150E333-8FDC-42A3-9474-1A3956D46DE8}") = "04_Component（业务组件）", "04_Component（业务组件）", "{9DBAC993-2CB8-48C5-9E12-68FF156ACDBF}"
EndProject
Project("{2150E333-8FDC-42A3-9474-1A3956D46DE8}") = "05_Infrastructure（基础设施）", "05_Infrastructure（基础设施）", "{EEEE309A-3C36-48C6-8396-FD7E1F9603F5}"
EndProject
Project("{2150E333-8FDC-42A3-9474-1A3956D46DE8}") = "06_Framework（项目组件）", "06_Framework（项目组件）", "{1684AFF4-C227-4EAD-A272-CE78CFB8AB8A}"
EndProject
Project("{2150E333-8FDC-42A3-9474-1A3956D46DE8}") = "07_Solution Items（项目文件）", "07_Solution Items（项目文件）", "{DE512203-1552-4F65-80A5-2831B434ED36}"
EndProject
Project("{2150E333-8FDC-42A3-9474-1A3956D46DE8}") = "08_Project Tools（工具程序)", "08_Project Tools（工具程序)", "{67C4D8A1-CCAF-4D4E-8413-64064ECEFD4C}"
EndProject
Project("{2150E333-8FDC-42A3-9474-1A3956D46DE8}") = "09_Unit Tests（单元测试)", "09_Unit Tests（单元测试)", "{4E9B28E3-5C01-4959-BCFA-61EDD52842B6}"
EndProject
Project("{2150E333-8FDC-42A3-9474-1A3956D46DE8}") = "03_Abstract（组件接口）", "03_Abstract（组件接口）", "{617108D6-32F3-453C-B934-5ED96F828B3C}"
EndProject
Project("{FAE04EC0-301F-11D3-BF4B-00C04F79EFBC}") = "FSS.Abstract", "03_Abstract（组件接口）\FSS.Abstract\FSS.Abstract.csproj", "{4831230E-2AA0-426D-A7A6-13BC59345ACC}"
EndProject
Project("{FAE04EC0-301F-11D3-BF4B-00C04F79EFBC}") = "FSS.Com.MetaInfoServer", "04_Component（业务组件）\FSS.Com.MetaInfoServer\FSS.Com.MetaInfoServer.csproj", "{7172EED7-0E4B-4E3E-B23E-4C2A16E52458}"
EndProject
Project("{FAE04EC0-301F-11D3-BF4B-00C04F79EFBC}") = "FSS.Com.SchedulerServer", "04_Component（业务组件）\FSS.Com.SchedulerServer\FSS.Com.SchedulerServer.csproj", "{4F4B98FB-81E1-4F67-A3C5-6BA8D7305B5A}"
EndProject
Project("{FAE04EC0-301F-11D3-BF4B-00C04F79EFBC}") = "FSS.Com.RemoteCallServer", "04_Component（业务组件）\FSS.Com.RemoteCallServer\FSS.Com.RemoteCallServer.csproj", "{2D9FD668-852E-4E0B-AE02-A43D4350076E}"
EndProject
Project("{FAE04EC0-301F-11D3-BF4B-00C04F79EFBC}") = "FSS.Com.RegisterCenterServer", "04_Component（业务组件）\FSS.Com.RegisterCenterServer\FSS.Com.RegisterCenterServer.csproj", "{D10578D2-3F12-4E58-8415-86E0EF90C8E6}"
EndProject
Project("{FAE04EC0-301F-11D3-BF4B-00C04F79EFBC}") = "FSS.GrpcService", "01_UserInterface（前端界面）\FSS.GrpcService\FSS.GrpcService.csproj", "{96DE94D3-974D-4577-AA3B-A79C388B0019}"
EndProject
Project("{FAE04EC0-301F-11D3-BF4B-00C04F79EFBC}") = "FSS.Infrastructure.Common", "05_Infrastructure（基础设施）\FSS.Infrastructure.Common\FSS.Infrastructure.Common.csproj", "{BD8A8CD7-194D-4F10-B16B-AADEA59DDA54}"
EndProject
Global
	GlobalSection(SolutionConfigurationPlatforms) = preSolution
		Debug|Any CPU = Debug|Any CPU
		Release|Any CPU = Release|Any CPU
	EndGlobalSection
	GlobalSection(NestedProjects) = preSolution
		{4831230E-2AA0-426D-A7A6-13BC59345ACC} = {617108D6-32F3-453C-B934-5ED96F828B3C}
		{7172EED7-0E4B-4E3E-B23E-4C2A16E52458} = {9DBAC993-2CB8-48C5-9E12-68FF156ACDBF}
		{4F4B98FB-81E1-4F67-A3C5-6BA8D7305B5A} = {9DBAC993-2CB8-48C5-9E12-68FF156ACDBF}
		{2D9FD668-852E-4E0B-AE02-A43D4350076E} = {9DBAC993-2CB8-48C5-9E12-68FF156ACDBF}
		{D10578D2-3F12-4E58-8415-86E0EF90C8E6} = {9DBAC993-2CB8-48C5-9E12-68FF156ACDBF}
		{96DE94D3-974D-4577-AA3B-A79C388B0019} = {006D1F16-0D6D-47C1-90B6-10B934ABB579}
		{BD8A8CD7-194D-4F10-B16B-AADEA59DDA54} = {EEEE309A-3C36-48C6-8396-FD7E1F9603F5}
	EndGlobalSection
	GlobalSection(ProjectConfigurationPlatforms) = postSolution
		{4831230E-2AA0-426D-A7A6-13BC59345ACC}.Debug|Any CPU.ActiveCfg = Debug|Any CPU
		{4831230E-2AA0-426D-A7A6-13BC59345ACC}.Debug|Any CPU.Build.0 = Debug|Any CPU
		{4831230E-2AA0-426D-A7A6-13BC59345ACC}.Release|Any CPU.ActiveCfg = Release|Any CPU
		{4831230E-2AA0-426D-A7A6-13BC59345ACC}.Release|Any CPU.Build.0 = Release|Any CPU
		{7172EED7-0E4B-4E3E-B23E-4C2A16E52458}.Debug|Any CPU.ActiveCfg = Debug|Any CPU
		{7172EED7-0E4B-4E3E-B23E-4C2A16E52458}.Debug|Any CPU.Build.0 = Debug|Any CPU
		{7172EED7-0E4B-4E3E-B23E-4C2A16E52458}.Release|Any CPU.ActiveCfg = Release|Any CPU
		{7172EED7-0E4B-4E3E-B23E-4C2A16E52458}.Release|Any CPU.Build.0 = Release|Any CPU
		{4F4B98FB-81E1-4F67-A3C5-6BA8D7305B5A}.Debug|Any CPU.ActiveCfg = Debug|Any CPU
		{4F4B98FB-81E1-4F67-A3C5-6BA8D7305B5A}.Debug|Any CPU.Build.0 = Debug|Any CPU
		{4F4B98FB-81E1-4F67-A3C5-6BA8D7305B5A}.Release|Any CPU.ActiveCfg = Release|Any CPU
		{4F4B98FB-81E1-4F67-A3C5-6BA8D7305B5A}.Release|Any CPU.Build.0 = Release|Any CPU
		{2D9FD668-852E-4E0B-AE02-A43D4350076E}.Debug|Any CPU.ActiveCfg = Debug|Any CPU
		{2D9FD668-852E-4E0B-AE02-A43D4350076E}.Debug|Any CPU.Build.0 = Debug|Any CPU
		{2D9FD668-852E-4E0B-AE02-A43D4350076E}.Release|Any CPU.ActiveCfg = Release|Any CPU
		{2D9FD668-852E-4E0B-AE02-A43D4350076E}.Release|Any CPU.Build.0 = Release|Any CPU
		{D10578D2-3F12-4E58-8415-86E0EF90C8E6}.Debug|Any CPU.ActiveCfg = Debug|Any CPU
		{D10578D2-3F12-4E58-8415-86E0EF90C8E6}.Debug|Any CPU.Build.0 = Debug|Any CPU
		{D10578D2-3F12-4E58-8415-86E0EF90C8E6}.Release|Any CPU.ActiveCfg = Release|Any CPU
		{D10578D2-3F12-4E58-8415-86E0EF90C8E6}.Release|Any CPU.Build.0 = Release|Any CPU
		{96DE94D3-974D-4577-AA3B-A79C388B0019}.Debug|Any CPU.ActiveCfg = Debug|Any CPU
		{96DE94D3-974D-4577-AA3B-A79C388B0019}.Debug|Any CPU.Build.0 = Debug|Any CPU
		{96DE94D3-974D-4577-AA3B-A79C388B0019}.Release|Any CPU.ActiveCfg = Release|Any CPU
		{96DE94D3-974D-4577-AA3B-A79C388B0019}.Release|Any CPU.Build.0 = Release|Any CPU
		{BD8A8CD7-194D-4F10-B16B-AADEA59DDA54}.Debug|Any CPU.ActiveCfg = Debug|Any CPU
		{BD8A8CD7-194D-4F10-B16B-AADEA59DDA54}.Debug|Any CPU.Build.0 = Debug|Any CPU
		{BD8A8CD7-194D-4F10-B16B-AADEA59DDA54}.Release|Any CPU.ActiveCfg = Release|Any CPU
		{BD8A8CD7-194D-4F10-B16B-AADEA59DDA54}.Release|Any CPU.Build.0 = Release|Any CPU
	EndGlobalSection
EndGlobal
