
Microsoft Visual Studio Solution File, Format Version 12.00
Project("{2150E333-8FDC-42A3-9474-1A3956D46DE8}") = "01_Interfaces", "01_Interfaces", "{006D1F16-0D6D-47C1-90B6-10B934ABB579}"
EndProject
Project("{2150E333-8FDC-42A3-9474-1A3956D46DE8}") = "06_Component", "06_Component", "{9DBAC993-2CB8-48C5-9E12-68FF156ACDBF}"
EndProject
Project("{2150E333-8FDC-42A3-9474-1A3956D46DE8}") = "05_Framework", "05_Framework", "{1684AFF4-C227-4EAD-A272-CE78CFB8AB8A}"
EndProject
Project("{2150E333-8FDC-42A3-9474-1A3956D46DE8}") = "07_Solution Items（项目文件）", "07_Solution Items（项目文件）", "{DE512203-1552-4F65-80A5-2831B434ED36}"
EndProject
Project("{2150E333-8FDC-42A3-9474-1A3956D46DE8}") = "08_Project Tools（工具程序)", "08_Project Tools（工具程序)", "{67C4D8A1-CCAF-4D4E-8413-64064ECEFD4C}"
EndProject
Project("{2150E333-8FDC-42A3-9474-1A3956D46DE8}") = "09_Unit Tests（单元测试)", "09_Unit Tests（单元测试)", "{4E9B28E3-5C01-4959-BCFA-61EDD52842B6}"
EndProject
Project("{2150E333-8FDC-42A3-9474-1A3956D46DE8}") = "06_Abstract", "06_Abstract", "{617108D6-32F3-453C-B934-5ED96F828B3C}"
EndProject
Project("{FAE04EC0-301F-11D3-BF4B-00C04F79EFBC}") = "FSS.Abstract", "03_Abstract（组件接口）\FSS.Abstract\FSS.Abstract.csproj", "{4831230E-2AA0-426D-A7A6-13BC59345ACC}"
EndProject
Project("{FAE04EC0-301F-11D3-BF4B-00C04F79EFBC}") = "FSS.Com.MetaInfoServer", "04_Component（业务组件）\FSS.Com.MetaInfoServer\FSS.Com.MetaInfoServer.csproj", "{7172EED7-0E4B-4E3E-B23E-4C2A16E52458}"
EndProject
Project("{FAE04EC0-301F-11D3-BF4B-00C04F79EFBC}") = "FSS.Com.SchedulerServer", "04_Component（业务组件）\FSS.Com.SchedulerServer\FSS.Com.SchedulerServer.csproj", "{4F4B98FB-81E1-4F67-A3C5-6BA8D7305B5A}"
EndProject
Project("{FAE04EC0-301F-11D3-BF4B-00C04F79EFBC}") = "Farseer.Net", "..\Farseer.Net\Framework\Farseer.Net\Farseer.Net.csproj", "{B030C02D-BCAD-4FE8-A396-424CD55DA5DB}"
EndProject
Project("{FAE04EC0-301F-11D3-BF4B-00C04F79EFBC}") = "Farseer.Net.Cache", "..\Farseer.Net\Framework\Farseer.Net.Cache\Farseer.Net.Cache.csproj", "{12D86535-6075-43D0-A37B-E919604BD84D}"
EndProject
Project("{FAE04EC0-301F-11D3-BF4B-00C04F79EFBC}") = "Farseer.Net.Cache.Redis", "..\Farseer.Net\Framework\Farseer.Net.Cache.Redis\Farseer.Net.Cache.Redis.csproj", "{6708A0FE-05D8-404D-8315-69ACCFAB83A1}"
EndProject
Project("{FAE04EC0-301F-11D3-BF4B-00C04F79EFBC}") = "Farseer.Net.Core", "..\Farseer.Net\Framework\Farseer.Net.Core\Farseer.Net.Core.csproj", "{19017871-D951-4BF4-A5B7-5523889194BA}"
EndProject
Project("{FAE04EC0-301F-11D3-BF4B-00C04F79EFBC}") = "Farseer.Net.Data", "..\Farseer.Net\Framework\Farseer.Net.Data\Farseer.Net.Data.csproj", "{1017A286-0289-4904-90B1-A4B13993BBE7}"
EndProject
Project("{FAE04EC0-301F-11D3-BF4B-00C04F79EFBC}") = "Farseer.Net.Mapper", "..\Farseer.Net\Framework\Farseer.Net.Mapper\Farseer.Net.Mapper.csproj", "{6D702613-D4E8-4ED7-8C2E-2C12EA834CA1}"
EndProject
Project("{FAE04EC0-301F-11D3-BF4B-00C04F79EFBC}") = "Farseer.Net.Utils", "..\Farseer.Net\Framework\Farseer.Net.Utils\Farseer.Net.Utils.csproj", "{D0140B2B-5879-44DB-BE7F-D73F83AA80DD}"
EndProject
Project("{FAE04EC0-301F-11D3-BF4B-00C04F79EFBC}") = "Farseer.Net.ElasticSearch", "..\Farseer.Net\Framework\Farseer.Net.ElasticSearch\Farseer.Net.ElasticSearch.csproj", "{D0CF1015-A167-4FA9-9FD0-E42D07C24E82}"
EndProject
Project("{FAE04EC0-301F-11D3-BF4B-00C04F79EFBC}") = "Farseer.Net.MQ", "..\Farseer.Net\Framework\Farseer.Net.MQ\Farseer.Net.MQ.csproj", "{FD7D92FA-8802-4DA1-AD2F-C12B32876929}"
EndProject
Project("{FAE04EC0-301F-11D3-BF4B-00C04F79EFBC}") = "Farseer.Net.MQ.RedisStream", "..\Farseer.Net\Framework\Farseer.Net.MQ.RedisStream\Farseer.Net.MQ.RedisStream.csproj", "{8F03AF0E-A50F-4904-BA89-14C5BCF42FA1}"
EndProject
Project("{FAE04EC0-301F-11D3-BF4B-00C04F79EFBC}") = "Farseer.Net.AspNetCore", "..\Farseer.Net\Framework\Farseer.Net.AspNetCore\Farseer.Net.AspNetCore.csproj", "{E9CF9325-8BCB-4421-916E-7FDC75421CA9}"
EndProject
Project("{FAE04EC0-301F-11D3-BF4B-00C04F79EFBC}") = "Farseer.Net.LinkTrack", "..\Farseer.Net\Framework\Farseer.Net.LinkTrack\Farseer.Net.LinkTrack.csproj", "{E49CEDE4-6130-4621-BAEA-C037B88C7BFD}"
EndProject
Project("{FAE04EC0-301F-11D3-BF4B-00C04F79EFBC}") = "Farseer.Net.Job", "..\Farseer.Net\Framework\Farseer.Net.Job\Farseer.Net.Job.csproj", "{BD58FC5E-693E-44BE-AE18-BA94F85DF258}"
EndProject
Project("{2150E333-8FDC-42A3-9474-1A3956D46DE8}") = "02_Application", "02_Application", "{15B8D605-ACE7-4587-9B0D-C871B9F692B2}"
EndProject
Project("{2150E333-8FDC-42A3-9474-1A3956D46DE8}") = "03_Domain", "03_Domain", "{38125F2B-2C12-4521-9780-E113D6C0A4E0}"
EndProject
Project("{2150E333-8FDC-42A3-9474-1A3956D46DE8}") = "04_Infrastructure", "04_Infrastructure", "{400BE271-CEF0-4CAE-AC90-9AC9E61245A3}"
EndProject
Project("{FAE04EC0-301F-11D3-BF4B-00C04F79EFBC}") = "FSS.Service", "01_Interfaces\FSS.Service\FSS.Service.csproj", "{2BBFDFCA-E18A-4AD7-968D-3039BC216A15}"
EndProject
Project("{FAE04EC0-301F-11D3-BF4B-00C04F79EFBC}") = "FSS.Infrastructure.Common", "04_Infrastructure\FSS.Infrastructure.Common\FSS.Infrastructure.Common.csproj", "{AB326A95-705F-48CB-AE76-BA64EA56F3C3}"
EndProject
Project("{FAE04EC0-301F-11D3-BF4B-00C04F79EFBC}") = "FSS.Infrastructure.Repository", "04_Infrastructure\FSS.Infrastructure.Repository\FSS.Infrastructure.Repository.csproj", "{BE67376B-4DEA-40F7-940E-A6865D9FA758}"
EndProject
Project("{FAE04EC0-301F-11D3-BF4B-00C04F79EFBC}") = "FSS.Application", "02_Application\FSS.Application\FSS.Application.csproj", "{00248B06-8661-43D9-AC09-B24AAF513711}"
EndProject
Project("{FAE04EC0-301F-11D3-BF4B-00C04F79EFBC}") = "FSS.Domain.Tasks", "03_Domain\FSS.Domain.Tasks\FSS.Domain.Tasks.csproj", "{C9B77D7D-0955-4012-9D04-0DDF48A6D833}"
EndProject
Project("{FAE04EC0-301F-11D3-BF4B-00C04F79EFBC}") = "FSS.Domain.Client", "03_Domain\FSS.Domain.Client\FSS.Domain.Client.csproj", "{40308820-FC2E-4B69-B7E6-12BA18EB463C}"
EndProject
Project("{FAE04EC0-301F-11D3-BF4B-00C04F79EFBC}") = "FSS.Domain.Log", "03_Domain\FSS.Domain.Log\FSS.Domain.Log.csproj", "{E3FB1B0B-32FF-4106-AE4E-9F1A448FFFE8}"
EndProject
Project("{FAE04EC0-301F-11D3-BF4B-00C04F79EFBC}") = "Farseer.Net.EventBus", "..\Farseer.Net\Framework\Farseer.Net.EventBus\Farseer.Net.EventBus.csproj", "{E6B23CE1-9EF4-4B7D-8754-C21AD2B64E5A}"
EndProject
Project("{FAE04EC0-301F-11D3-BF4B-00C04F79EFBC}") = "Farseer.Net.MQ.Rabbit", "..\Farseer.Net\Framework\Farseer.Net.MQ.Rabbit\Farseer.Net.MQ.Rabbit.csproj", "{99EB9599-D793-4E08-8754-04AD589A99F5}"
EndProject
Global
	GlobalSection(SolutionConfigurationPlatforms) = preSolution
		Debug|Any CPU = Debug|Any CPU
		Release|Any CPU = Release|Any CPU
	EndGlobalSection
	GlobalSection(NestedProjects) = preSolution
		{4831230E-2AA0-426D-A7A6-13BC59345ACC} = {617108D6-32F3-453C-B934-5ED96F828B3C}
		{7172EED7-0E4B-4E3E-B23E-4C2A16E52458} = {9DBAC993-2CB8-48C5-9E12-68FF156ACDBF}
		{4F4B98FB-81E1-4F67-A3C5-6BA8D7305B5A} = {9DBAC993-2CB8-48C5-9E12-68FF156ACDBF}
		{B030C02D-BCAD-4FE8-A396-424CD55DA5DB} = {1684AFF4-C227-4EAD-A272-CE78CFB8AB8A}
		{12D86535-6075-43D0-A37B-E919604BD84D} = {1684AFF4-C227-4EAD-A272-CE78CFB8AB8A}
		{6708A0FE-05D8-404D-8315-69ACCFAB83A1} = {1684AFF4-C227-4EAD-A272-CE78CFB8AB8A}
		{19017871-D951-4BF4-A5B7-5523889194BA} = {1684AFF4-C227-4EAD-A272-CE78CFB8AB8A}
		{1017A286-0289-4904-90B1-A4B13993BBE7} = {1684AFF4-C227-4EAD-A272-CE78CFB8AB8A}
		{6D702613-D4E8-4ED7-8C2E-2C12EA834CA1} = {1684AFF4-C227-4EAD-A272-CE78CFB8AB8A}
		{D0140B2B-5879-44DB-BE7F-D73F83AA80DD} = {1684AFF4-C227-4EAD-A272-CE78CFB8AB8A}
		{D0CF1015-A167-4FA9-9FD0-E42D07C24E82} = {1684AFF4-C227-4EAD-A272-CE78CFB8AB8A}
		{FD7D92FA-8802-4DA1-AD2F-C12B32876929} = {1684AFF4-C227-4EAD-A272-CE78CFB8AB8A}
		{8F03AF0E-A50F-4904-BA89-14C5BCF42FA1} = {1684AFF4-C227-4EAD-A272-CE78CFB8AB8A}
		{E9CF9325-8BCB-4421-916E-7FDC75421CA9} = {1684AFF4-C227-4EAD-A272-CE78CFB8AB8A}
		{E49CEDE4-6130-4621-BAEA-C037B88C7BFD} = {1684AFF4-C227-4EAD-A272-CE78CFB8AB8A}
		{BD58FC5E-693E-44BE-AE18-BA94F85DF258} = {1684AFF4-C227-4EAD-A272-CE78CFB8AB8A}
		{2BBFDFCA-E18A-4AD7-968D-3039BC216A15} = {006D1F16-0D6D-47C1-90B6-10B934ABB579}
		{AB326A95-705F-48CB-AE76-BA64EA56F3C3} = {400BE271-CEF0-4CAE-AC90-9AC9E61245A3}
		{BE67376B-4DEA-40F7-940E-A6865D9FA758} = {400BE271-CEF0-4CAE-AC90-9AC9E61245A3}
		{00248B06-8661-43D9-AC09-B24AAF513711} = {15B8D605-ACE7-4587-9B0D-C871B9F692B2}
		{C9B77D7D-0955-4012-9D04-0DDF48A6D833} = {38125F2B-2C12-4521-9780-E113D6C0A4E0}
		{40308820-FC2E-4B69-B7E6-12BA18EB463C} = {38125F2B-2C12-4521-9780-E113D6C0A4E0}
		{E3FB1B0B-32FF-4106-AE4E-9F1A448FFFE8} = {38125F2B-2C12-4521-9780-E113D6C0A4E0}
		{E6B23CE1-9EF4-4B7D-8754-C21AD2B64E5A} = {1684AFF4-C227-4EAD-A272-CE78CFB8AB8A}
		{99EB9599-D793-4E08-8754-04AD589A99F5} = {1684AFF4-C227-4EAD-A272-CE78CFB8AB8A}
	EndGlobalSection
	GlobalSection(ProjectConfigurationPlatforms) = postSolution
		{4831230E-2AA0-426D-A7A6-13BC59345ACC}.Debug|Any CPU.ActiveCfg = Debug|Any CPU
		{4831230E-2AA0-426D-A7A6-13BC59345ACC}.Debug|Any CPU.Build.0 = Debug|Any CPU
		{4831230E-2AA0-426D-A7A6-13BC59345ACC}.Release|Any CPU.ActiveCfg = Release|Any CPU
		{4831230E-2AA0-426D-A7A6-13BC59345ACC}.Release|Any CPU.Build.0 = Release|Any CPU
		{7172EED7-0E4B-4E3E-B23E-4C2A16E52458}.Debug|Any CPU.ActiveCfg = Debug|Any CPU
		{7172EED7-0E4B-4E3E-B23E-4C2A16E52458}.Debug|Any CPU.Build.0 = Debug|Any CPU
		{7172EED7-0E4B-4E3E-B23E-4C2A16E52458}.Release|Any CPU.ActiveCfg = Release|Any CPU
		{7172EED7-0E4B-4E3E-B23E-4C2A16E52458}.Release|Any CPU.Build.0 = Release|Any CPU
		{4F4B98FB-81E1-4F67-A3C5-6BA8D7305B5A}.Debug|Any CPU.ActiveCfg = Debug|Any CPU
		{4F4B98FB-81E1-4F67-A3C5-6BA8D7305B5A}.Debug|Any CPU.Build.0 = Debug|Any CPU
		{4F4B98FB-81E1-4F67-A3C5-6BA8D7305B5A}.Release|Any CPU.ActiveCfg = Release|Any CPU
		{4F4B98FB-81E1-4F67-A3C5-6BA8D7305B5A}.Release|Any CPU.Build.0 = Release|Any CPU
		{B030C02D-BCAD-4FE8-A396-424CD55DA5DB}.Debug|Any CPU.ActiveCfg = Debug|Any CPU
		{B030C02D-BCAD-4FE8-A396-424CD55DA5DB}.Debug|Any CPU.Build.0 = Debug|Any CPU
		{B030C02D-BCAD-4FE8-A396-424CD55DA5DB}.Release|Any CPU.ActiveCfg = Release|Any CPU
		{B030C02D-BCAD-4FE8-A396-424CD55DA5DB}.Release|Any CPU.Build.0 = Release|Any CPU
		{12D86535-6075-43D0-A37B-E919604BD84D}.Debug|Any CPU.ActiveCfg = Debug|Any CPU
		{12D86535-6075-43D0-A37B-E919604BD84D}.Debug|Any CPU.Build.0 = Debug|Any CPU
		{12D86535-6075-43D0-A37B-E919604BD84D}.Release|Any CPU.ActiveCfg = Release|Any CPU
		{12D86535-6075-43D0-A37B-E919604BD84D}.Release|Any CPU.Build.0 = Release|Any CPU
		{6708A0FE-05D8-404D-8315-69ACCFAB83A1}.Debug|Any CPU.ActiveCfg = Debug|Any CPU
		{6708A0FE-05D8-404D-8315-69ACCFAB83A1}.Debug|Any CPU.Build.0 = Debug|Any CPU
		{6708A0FE-05D8-404D-8315-69ACCFAB83A1}.Release|Any CPU.ActiveCfg = Release|Any CPU
		{6708A0FE-05D8-404D-8315-69ACCFAB83A1}.Release|Any CPU.Build.0 = Release|Any CPU
		{19017871-D951-4BF4-A5B7-5523889194BA}.Debug|Any CPU.ActiveCfg = Debug|Any CPU
		{19017871-D951-4BF4-A5B7-5523889194BA}.Debug|Any CPU.Build.0 = Debug|Any CPU
		{19017871-D951-4BF4-A5B7-5523889194BA}.Release|Any CPU.ActiveCfg = Release|Any CPU
		{19017871-D951-4BF4-A5B7-5523889194BA}.Release|Any CPU.Build.0 = Release|Any CPU
		{1017A286-0289-4904-90B1-A4B13993BBE7}.Debug|Any CPU.ActiveCfg = Debug|Any CPU
		{1017A286-0289-4904-90B1-A4B13993BBE7}.Debug|Any CPU.Build.0 = Debug|Any CPU
		{1017A286-0289-4904-90B1-A4B13993BBE7}.Release|Any CPU.ActiveCfg = Release|Any CPU
		{1017A286-0289-4904-90B1-A4B13993BBE7}.Release|Any CPU.Build.0 = Release|Any CPU
		{6D702613-D4E8-4ED7-8C2E-2C12EA834CA1}.Debug|Any CPU.ActiveCfg = Debug|Any CPU
		{6D702613-D4E8-4ED7-8C2E-2C12EA834CA1}.Debug|Any CPU.Build.0 = Debug|Any CPU
		{6D702613-D4E8-4ED7-8C2E-2C12EA834CA1}.Release|Any CPU.ActiveCfg = Release|Any CPU
		{6D702613-D4E8-4ED7-8C2E-2C12EA834CA1}.Release|Any CPU.Build.0 = Release|Any CPU
		{D0140B2B-5879-44DB-BE7F-D73F83AA80DD}.Debug|Any CPU.ActiveCfg = Debug|Any CPU
		{D0140B2B-5879-44DB-BE7F-D73F83AA80DD}.Debug|Any CPU.Build.0 = Debug|Any CPU
		{D0140B2B-5879-44DB-BE7F-D73F83AA80DD}.Release|Any CPU.ActiveCfg = Release|Any CPU
		{D0140B2B-5879-44DB-BE7F-D73F83AA80DD}.Release|Any CPU.Build.0 = Release|Any CPU
		{D0CF1015-A167-4FA9-9FD0-E42D07C24E82}.Debug|Any CPU.ActiveCfg = Debug|Any CPU
		{D0CF1015-A167-4FA9-9FD0-E42D07C24E82}.Debug|Any CPU.Build.0 = Debug|Any CPU
		{D0CF1015-A167-4FA9-9FD0-E42D07C24E82}.Release|Any CPU.ActiveCfg = Release|Any CPU
		{D0CF1015-A167-4FA9-9FD0-E42D07C24E82}.Release|Any CPU.Build.0 = Release|Any CPU
		{FD7D92FA-8802-4DA1-AD2F-C12B32876929}.Debug|Any CPU.ActiveCfg = Debug|Any CPU
		{FD7D92FA-8802-4DA1-AD2F-C12B32876929}.Debug|Any CPU.Build.0 = Debug|Any CPU
		{FD7D92FA-8802-4DA1-AD2F-C12B32876929}.Release|Any CPU.ActiveCfg = Release|Any CPU
		{FD7D92FA-8802-4DA1-AD2F-C12B32876929}.Release|Any CPU.Build.0 = Release|Any CPU
		{8F03AF0E-A50F-4904-BA89-14C5BCF42FA1}.Debug|Any CPU.ActiveCfg = Debug|Any CPU
		{8F03AF0E-A50F-4904-BA89-14C5BCF42FA1}.Debug|Any CPU.Build.0 = Debug|Any CPU
		{8F03AF0E-A50F-4904-BA89-14C5BCF42FA1}.Release|Any CPU.ActiveCfg = Release|Any CPU
		{8F03AF0E-A50F-4904-BA89-14C5BCF42FA1}.Release|Any CPU.Build.0 = Release|Any CPU
		{E9CF9325-8BCB-4421-916E-7FDC75421CA9}.Debug|Any CPU.ActiveCfg = Debug|Any CPU
		{E9CF9325-8BCB-4421-916E-7FDC75421CA9}.Debug|Any CPU.Build.0 = Debug|Any CPU
		{E9CF9325-8BCB-4421-916E-7FDC75421CA9}.Release|Any CPU.ActiveCfg = Release|Any CPU
		{E9CF9325-8BCB-4421-916E-7FDC75421CA9}.Release|Any CPU.Build.0 = Release|Any CPU
		{E49CEDE4-6130-4621-BAEA-C037B88C7BFD}.Debug|Any CPU.ActiveCfg = Debug|Any CPU
		{E49CEDE4-6130-4621-BAEA-C037B88C7BFD}.Debug|Any CPU.Build.0 = Debug|Any CPU
		{E49CEDE4-6130-4621-BAEA-C037B88C7BFD}.Release|Any CPU.ActiveCfg = Release|Any CPU
		{E49CEDE4-6130-4621-BAEA-C037B88C7BFD}.Release|Any CPU.Build.0 = Release|Any CPU
		{BD58FC5E-693E-44BE-AE18-BA94F85DF258}.Debug|Any CPU.ActiveCfg = Debug|Any CPU
		{BD58FC5E-693E-44BE-AE18-BA94F85DF258}.Debug|Any CPU.Build.0 = Debug|Any CPU
		{BD58FC5E-693E-44BE-AE18-BA94F85DF258}.Release|Any CPU.ActiveCfg = Release|Any CPU
		{BD58FC5E-693E-44BE-AE18-BA94F85DF258}.Release|Any CPU.Build.0 = Release|Any CPU
		{2BBFDFCA-E18A-4AD7-968D-3039BC216A15}.Debug|Any CPU.ActiveCfg = Debug|Any CPU
		{2BBFDFCA-E18A-4AD7-968D-3039BC216A15}.Debug|Any CPU.Build.0 = Debug|Any CPU
		{2BBFDFCA-E18A-4AD7-968D-3039BC216A15}.Release|Any CPU.ActiveCfg = Release|Any CPU
		{2BBFDFCA-E18A-4AD7-968D-3039BC216A15}.Release|Any CPU.Build.0 = Release|Any CPU
		{AB326A95-705F-48CB-AE76-BA64EA56F3C3}.Debug|Any CPU.ActiveCfg = Debug|Any CPU
		{AB326A95-705F-48CB-AE76-BA64EA56F3C3}.Debug|Any CPU.Build.0 = Debug|Any CPU
		{AB326A95-705F-48CB-AE76-BA64EA56F3C3}.Release|Any CPU.ActiveCfg = Release|Any CPU
		{AB326A95-705F-48CB-AE76-BA64EA56F3C3}.Release|Any CPU.Build.0 = Release|Any CPU
		{BE67376B-4DEA-40F7-940E-A6865D9FA758}.Debug|Any CPU.ActiveCfg = Debug|Any CPU
		{BE67376B-4DEA-40F7-940E-A6865D9FA758}.Debug|Any CPU.Build.0 = Debug|Any CPU
		{BE67376B-4DEA-40F7-940E-A6865D9FA758}.Release|Any CPU.ActiveCfg = Release|Any CPU
		{BE67376B-4DEA-40F7-940E-A6865D9FA758}.Release|Any CPU.Build.0 = Release|Any CPU
		{00248B06-8661-43D9-AC09-B24AAF513711}.Debug|Any CPU.ActiveCfg = Debug|Any CPU
		{00248B06-8661-43D9-AC09-B24AAF513711}.Debug|Any CPU.Build.0 = Debug|Any CPU
		{00248B06-8661-43D9-AC09-B24AAF513711}.Release|Any CPU.ActiveCfg = Release|Any CPU
		{00248B06-8661-43D9-AC09-B24AAF513711}.Release|Any CPU.Build.0 = Release|Any CPU
		{C9B77D7D-0955-4012-9D04-0DDF48A6D833}.Debug|Any CPU.ActiveCfg = Debug|Any CPU
		{C9B77D7D-0955-4012-9D04-0DDF48A6D833}.Debug|Any CPU.Build.0 = Debug|Any CPU
		{C9B77D7D-0955-4012-9D04-0DDF48A6D833}.Release|Any CPU.ActiveCfg = Release|Any CPU
		{C9B77D7D-0955-4012-9D04-0DDF48A6D833}.Release|Any CPU.Build.0 = Release|Any CPU
		{40308820-FC2E-4B69-B7E6-12BA18EB463C}.Debug|Any CPU.ActiveCfg = Debug|Any CPU
		{40308820-FC2E-4B69-B7E6-12BA18EB463C}.Debug|Any CPU.Build.0 = Debug|Any CPU
		{40308820-FC2E-4B69-B7E6-12BA18EB463C}.Release|Any CPU.ActiveCfg = Release|Any CPU
		{40308820-FC2E-4B69-B7E6-12BA18EB463C}.Release|Any CPU.Build.0 = Release|Any CPU
		{E3FB1B0B-32FF-4106-AE4E-9F1A448FFFE8}.Debug|Any CPU.ActiveCfg = Debug|Any CPU
		{E3FB1B0B-32FF-4106-AE4E-9F1A448FFFE8}.Debug|Any CPU.Build.0 = Debug|Any CPU
		{E3FB1B0B-32FF-4106-AE4E-9F1A448FFFE8}.Release|Any CPU.ActiveCfg = Release|Any CPU
		{E3FB1B0B-32FF-4106-AE4E-9F1A448FFFE8}.Release|Any CPU.Build.0 = Release|Any CPU
		{E6B23CE1-9EF4-4B7D-8754-C21AD2B64E5A}.Debug|Any CPU.ActiveCfg = Debug|Any CPU
		{E6B23CE1-9EF4-4B7D-8754-C21AD2B64E5A}.Debug|Any CPU.Build.0 = Debug|Any CPU
		{E6B23CE1-9EF4-4B7D-8754-C21AD2B64E5A}.Release|Any CPU.ActiveCfg = Release|Any CPU
		{E6B23CE1-9EF4-4B7D-8754-C21AD2B64E5A}.Release|Any CPU.Build.0 = Release|Any CPU
		{99EB9599-D793-4E08-8754-04AD589A99F5}.Debug|Any CPU.ActiveCfg = Debug|Any CPU
		{99EB9599-D793-4E08-8754-04AD589A99F5}.Debug|Any CPU.Build.0 = Debug|Any CPU
		{99EB9599-D793-4E08-8754-04AD589A99F5}.Release|Any CPU.ActiveCfg = Release|Any CPU
		{99EB9599-D793-4E08-8754-04AD589A99F5}.Release|Any CPU.Build.0 = Release|Any CPU
	EndGlobalSection
EndGlobal
