
Microsoft Visual Studio Solution File, Format Version 12.00
Project("{2150E333-8FDC-42A3-9474-1A3956D46DE8}") = "02_UserLogic（前端逻辑）", "02_UserLogic（前端逻辑）", "{3920FFE5-9D7F-4C0B-865E-076477D71D99}"
EndProject
Project("{2150E333-8FDC-42A3-9474-1A3956D46DE8}") = "01_UserInterface（前端界面）", "01_UserInterface（前端界面）", "{006D1F16-0D6D-47C1-90B6-10B934ABB579}"
EndProject
Project("{2150E333-8FDC-42A3-9474-1A3956D46DE8}") = "04_Component（业务组件）", "04_Component（业务组件）", "{9DBAC993-2CB8-48C5-9E12-68FF156ACDBF}"
EndProject
Project("{2150E333-8FDC-42A3-9474-1A3956D46DE8}") = "05_Infrastructure（基础设施）", "05_Infrastructure（基础设施）", "{EEEE309A-3C36-48C6-8396-FD7E1F9603F5}"
EndProject
Project("{2150E333-8FDC-42A3-9474-1A3956D46DE8}") = "06_Framework（项目组件）", "06_Framework（项目组件）", "{1684AFF4-C227-4EAD-A272-CE78CFB8AB8A}"
EndProject
Project("{2150E333-8FDC-42A3-9474-1A3956D46DE8}") = "07_Solution Items（项目文件）", "07_Solution Items（项目文件）", "{DE512203-1552-4F65-80A5-2831B434ED36}"
EndProject
Project("{2150E333-8FDC-42A3-9474-1A3956D46DE8}") = "08_Project Tools（工具程序)", "08_Project Tools（工具程序)", "{67C4D8A1-CCAF-4D4E-8413-64064ECEFD4C}"
EndProject
Project("{2150E333-8FDC-42A3-9474-1A3956D46DE8}") = "09_Unit Tests（单元测试)", "09_Unit Tests（单元测试)", "{4E9B28E3-5C01-4959-BCFA-61EDD52842B6}"
EndProject
Project("{2150E333-8FDC-42A3-9474-1A3956D46DE8}") = "03_Abstract（组件接口）", "03_Abstract（组件接口）", "{617108D6-32F3-453C-B934-5ED96F828B3C}"
EndProject
Project("{FAE04EC0-301F-11D3-BF4B-00C04F79EFBC}") = "FSS.Abstract", "03_Abstract（组件接口）\FSS.Abstract\FSS.Abstract.csproj", "{4831230E-2AA0-426D-A7A6-13BC59345ACC}"
EndProject
Project("{FAE04EC0-301F-11D3-BF4B-00C04F79EFBC}") = "FSS.Com.MetaInfoServer", "04_Component（业务组件）\FSS.Com.MetaInfoServer\FSS.Com.MetaInfoServer.csproj", "{7172EED7-0E4B-4E3E-B23E-4C2A16E52458}"
EndProject
Project("{FAE04EC0-301F-11D3-BF4B-00C04F79EFBC}") = "FSS.Com.SchedulerServer", "04_Component（业务组件）\FSS.Com.SchedulerServer\FSS.Com.SchedulerServer.csproj", "{4F4B98FB-81E1-4F67-A3C5-6BA8D7305B5A}"
EndProject
Project("{FAE04EC0-301F-11D3-BF4B-00C04F79EFBC}") = "FSS.Com.RegisterCenterServer", "04_Component（业务组件）\FSS.Com.RegisterCenterServer\FSS.Com.RegisterCenterServer.csproj", "{D10578D2-3F12-4E58-8415-86E0EF90C8E6}"
EndProject
Project("{FAE04EC0-301F-11D3-BF4B-00C04F79EFBC}") = "FSS.Infrastructure.Common", "05_Infrastructure（基础设施）\FSS.Infrastructure.Common\FSS.Infrastructure.Common.csproj", "{BD8A8CD7-194D-4F10-B16B-AADEA59DDA54}"
EndProject
Project("{FAE04EC0-301F-11D3-BF4B-00C04F79EFBC}") = "Farseer.Net", "..\Farseer.Net\Framework\Farseer.Net\Farseer.Net.csproj", "{B030C02D-BCAD-4FE8-A396-424CD55DA5DB}"
EndProject
Project("{FAE04EC0-301F-11D3-BF4B-00C04F79EFBC}") = "Farseer.Net.Cache", "..\Farseer.Net\Framework\Farseer.Net.Cache\Farseer.Net.Cache.csproj", "{12D86535-6075-43D0-A37B-E919604BD84D}"
EndProject
Project("{FAE04EC0-301F-11D3-BF4B-00C04F79EFBC}") = "Farseer.Net.Cache.Redis", "..\Farseer.Net\Framework\Farseer.Net.Cache.Redis\Farseer.Net.Cache.Redis.csproj", "{6708A0FE-05D8-404D-8315-69ACCFAB83A1}"
EndProject
Project("{FAE04EC0-301F-11D3-BF4B-00C04F79EFBC}") = "Farseer.Net.Core", "..\Farseer.Net\Framework\Farseer.Net.Core\Farseer.Net.Core.csproj", "{19017871-D951-4BF4-A5B7-5523889194BA}"
EndProject
Project("{FAE04EC0-301F-11D3-BF4B-00C04F79EFBC}") = "Farseer.Net.Data", "..\Farseer.Net\Framework\Farseer.Net.Data\Farseer.Net.Data.csproj", "{1017A286-0289-4904-90B1-A4B13993BBE7}"
EndProject
Project("{FAE04EC0-301F-11D3-BF4B-00C04F79EFBC}") = "Farseer.Net.Mapper", "..\Farseer.Net\Framework\Farseer.Net.Mapper\Farseer.Net.Mapper.csproj", "{6D702613-D4E8-4ED7-8C2E-2C12EA834CA1}"
EndProject
Project("{FAE04EC0-301F-11D3-BF4B-00C04F79EFBC}") = "Farseer.Net.Utils", "..\Farseer.Net\Framework\Farseer.Net.Utils\Farseer.Net.Utils.csproj", "{D0140B2B-5879-44DB-BE7F-D73F83AA80DD}"
EndProject
Project("{FAE04EC0-301F-11D3-BF4B-00C04F79EFBC}") = "Farseer.Net.ElasticSearch", "..\Farseer.Net\Framework\Farseer.Net.ElasticSearch\Farseer.Net.ElasticSearch.csproj", "{D0CF1015-A167-4FA9-9FD0-E42D07C24E82}"
EndProject
Project("{FAE04EC0-301F-11D3-BF4B-00C04F79EFBC}") = "Farseer.Net.MQ", "..\Farseer.Net\Framework\Farseer.Net.MQ\Farseer.Net.MQ.csproj", "{FD7D92FA-8802-4DA1-AD2F-C12B32876929}"
EndProject
Project("{FAE04EC0-301F-11D3-BF4B-00C04F79EFBC}") = "Farseer.Net.MQ.RedisStream", "..\Farseer.Net\Framework\Farseer.Net.MQ.RedisStream\Farseer.Net.MQ.RedisStream.csproj", "{8F03AF0E-A50F-4904-BA89-14C5BCF42FA1}"
EndProject
Project("{FAE04EC0-301F-11D3-BF4B-00C04F79EFBC}") = "Farseer.Net.AspNetCore", "..\Farseer.Net\Framework\Farseer.Net.AspNetCore\Farseer.Net.AspNetCore.csproj", "{E9CF9325-8BCB-4421-916E-7FDC75421CA9}"
EndProject
Project("{FAE04EC0-301F-11D3-BF4B-00C04F79EFBC}") = "FSS.Service", "01_UserInterface（前端界面）\FSS.Service\FSS.Service.csproj", "{3299C628-47B6-4CD1-B9AA-60C8DC263F31}"
EndProject
Project("{FAE04EC0-301F-11D3-BF4B-00C04F79EFBC}") = "Farseer.Net.LinkTrack", "..\Farseer.Net\Framework\Farseer.Net.LinkTrack\Farseer.Net.LinkTrack.csproj", "{E49CEDE4-6130-4621-BAEA-C037B88C7BFD}"
EndProject
Project("{FAE04EC0-301F-11D3-BF4B-00C04F79EFBC}") = "Farseer.Net.Job", "..\Farseer.Net\Framework\Farseer.Net.Job\Farseer.Net.Job.csproj", "{BD58FC5E-693E-44BE-AE18-BA94F85DF258}"
EndProject
Project("{FAE04EC0-301F-11D3-BF4B-00C04F79EFBC}") = "FSS.Infrastructure.Repository", "05_Infrastructure（基础设施）\FSS.Infrastructure.Repository\FSS.Infrastructure.Repository.csproj", "{84F8DE30-3C99-44BA-8D1D-102E28CE3006}"
EndProject
Global
	GlobalSection(SolutionConfigurationPlatforms) = preSolution
		Debug|Any CPU = Debug|Any CPU
		Release|Any CPU = Release|Any CPU
	EndGlobalSection
	GlobalSection(NestedProjects) = preSolution
		{4831230E-2AA0-426D-A7A6-13BC59345ACC} = {617108D6-32F3-453C-B934-5ED96F828B3C}
		{7172EED7-0E4B-4E3E-B23E-4C2A16E52458} = {9DBAC993-2CB8-48C5-9E12-68FF156ACDBF}
		{4F4B98FB-81E1-4F67-A3C5-6BA8D7305B5A} = {9DBAC993-2CB8-48C5-9E12-68FF156ACDBF}
		{D10578D2-3F12-4E58-8415-86E0EF90C8E6} = {9DBAC993-2CB8-48C5-9E12-68FF156ACDBF}
		{BD8A8CD7-194D-4F10-B16B-AADEA59DDA54} = {EEEE309A-3C36-48C6-8396-FD7E1F9603F5}
		{B030C02D-BCAD-4FE8-A396-424CD55DA5DB} = {1684AFF4-C227-4EAD-A272-CE78CFB8AB8A}
		{12D86535-6075-43D0-A37B-E919604BD84D} = {1684AFF4-C227-4EAD-A272-CE78CFB8AB8A}
		{6708A0FE-05D8-404D-8315-69ACCFAB83A1} = {1684AFF4-C227-4EAD-A272-CE78CFB8AB8A}
		{19017871-D951-4BF4-A5B7-5523889194BA} = {1684AFF4-C227-4EAD-A272-CE78CFB8AB8A}
		{1017A286-0289-4904-90B1-A4B13993BBE7} = {1684AFF4-C227-4EAD-A272-CE78CFB8AB8A}
		{6D702613-D4E8-4ED7-8C2E-2C12EA834CA1} = {1684AFF4-C227-4EAD-A272-CE78CFB8AB8A}
		{D0140B2B-5879-44DB-BE7F-D73F83AA80DD} = {1684AFF4-C227-4EAD-A272-CE78CFB8AB8A}
		{D0CF1015-A167-4FA9-9FD0-E42D07C24E82} = {1684AFF4-C227-4EAD-A272-CE78CFB8AB8A}
		{FD7D92FA-8802-4DA1-AD2F-C12B32876929} = {1684AFF4-C227-4EAD-A272-CE78CFB8AB8A}
		{8F03AF0E-A50F-4904-BA89-14C5BCF42FA1} = {1684AFF4-C227-4EAD-A272-CE78CFB8AB8A}
		{E9CF9325-8BCB-4421-916E-7FDC75421CA9} = {1684AFF4-C227-4EAD-A272-CE78CFB8AB8A}
		{3299C628-47B6-4CD1-B9AA-60C8DC263F31} = {006D1F16-0D6D-47C1-90B6-10B934ABB579}
		{E49CEDE4-6130-4621-BAEA-C037B88C7BFD} = {1684AFF4-C227-4EAD-A272-CE78CFB8AB8A}
		{BD58FC5E-693E-44BE-AE18-BA94F85DF258} = {1684AFF4-C227-4EAD-A272-CE78CFB8AB8A}
		{84F8DE30-3C99-44BA-8D1D-102E28CE3006} = {EEEE309A-3C36-48C6-8396-FD7E1F9603F5}
	EndGlobalSection
	GlobalSection(ProjectConfigurationPlatforms) = postSolution
		{4831230E-2AA0-426D-A7A6-13BC59345ACC}.Debug|Any CPU.ActiveCfg = Debug|Any CPU
		{4831230E-2AA0-426D-A7A6-13BC59345ACC}.Debug|Any CPU.Build.0 = Debug|Any CPU
		{4831230E-2AA0-426D-A7A6-13BC59345ACC}.Release|Any CPU.ActiveCfg = Release|Any CPU
		{4831230E-2AA0-426D-A7A6-13BC59345ACC}.Release|Any CPU.Build.0 = Release|Any CPU
		{7172EED7-0E4B-4E3E-B23E-4C2A16E52458}.Debug|Any CPU.ActiveCfg = Debug|Any CPU
		{7172EED7-0E4B-4E3E-B23E-4C2A16E52458}.Debug|Any CPU.Build.0 = Debug|Any CPU
		{7172EED7-0E4B-4E3E-B23E-4C2A16E52458}.Release|Any CPU.ActiveCfg = Release|Any CPU
		{7172EED7-0E4B-4E3E-B23E-4C2A16E52458}.Release|Any CPU.Build.0 = Release|Any CPU
		{4F4B98FB-81E1-4F67-A3C5-6BA8D7305B5A}.Debug|Any CPU.ActiveCfg = Debug|Any CPU
		{4F4B98FB-81E1-4F67-A3C5-6BA8D7305B5A}.Debug|Any CPU.Build.0 = Debug|Any CPU
		{4F4B98FB-81E1-4F67-A3C5-6BA8D7305B5A}.Release|Any CPU.ActiveCfg = Release|Any CPU
		{4F4B98FB-81E1-4F67-A3C5-6BA8D7305B5A}.Release|Any CPU.Build.0 = Release|Any CPU
		{D10578D2-3F12-4E58-8415-86E0EF90C8E6}.Debug|Any CPU.ActiveCfg = Debug|Any CPU
		{D10578D2-3F12-4E58-8415-86E0EF90C8E6}.Debug|Any CPU.Build.0 = Debug|Any CPU
		{D10578D2-3F12-4E58-8415-86E0EF90C8E6}.Release|Any CPU.ActiveCfg = Release|Any CPU
		{D10578D2-3F12-4E58-8415-86E0EF90C8E6}.Release|Any CPU.Build.0 = Release|Any CPU
		{BD8A8CD7-194D-4F10-B16B-AADEA59DDA54}.Debug|Any CPU.ActiveCfg = Debug|Any CPU
		{BD8A8CD7-194D-4F10-B16B-AADEA59DDA54}.Debug|Any CPU.Build.0 = Debug|Any CPU
		{BD8A8CD7-194D-4F10-B16B-AADEA59DDA54}.Release|Any CPU.ActiveCfg = Release|Any CPU
		{BD8A8CD7-194D-4F10-B16B-AADEA59DDA54}.Release|Any CPU.Build.0 = Release|Any CPU
		{B030C02D-BCAD-4FE8-A396-424CD55DA5DB}.Debug|Any CPU.ActiveCfg = Debug|Any CPU
		{B030C02D-BCAD-4FE8-A396-424CD55DA5DB}.Debug|Any CPU.Build.0 = Debug|Any CPU
		{B030C02D-BCAD-4FE8-A396-424CD55DA5DB}.Release|Any CPU.ActiveCfg = Release|Any CPU
		{B030C02D-BCAD-4FE8-A396-424CD55DA5DB}.Release|Any CPU.Build.0 = Release|Any CPU
		{12D86535-6075-43D0-A37B-E919604BD84D}.Debug|Any CPU.ActiveCfg = Debug|Any CPU
		{12D86535-6075-43D0-A37B-E919604BD84D}.Debug|Any CPU.Build.0 = Debug|Any CPU
		{12D86535-6075-43D0-A37B-E919604BD84D}.Release|Any CPU.ActiveCfg = Release|Any CPU
		{12D86535-6075-43D0-A37B-E919604BD84D}.Release|Any CPU.Build.0 = Release|Any CPU
		{6708A0FE-05D8-404D-8315-69ACCFAB83A1}.Debug|Any CPU.ActiveCfg = Debug|Any CPU
		{6708A0FE-05D8-404D-8315-69ACCFAB83A1}.Debug|Any CPU.Build.0 = Debug|Any CPU
		{6708A0FE-05D8-404D-8315-69ACCFAB83A1}.Release|Any CPU.ActiveCfg = Release|Any CPU
		{6708A0FE-05D8-404D-8315-69ACCFAB83A1}.Release|Any CPU.Build.0 = Release|Any CPU
		{19017871-D951-4BF4-A5B7-5523889194BA}.Debug|Any CPU.ActiveCfg = Debug|Any CPU
		{19017871-D951-4BF4-A5B7-5523889194BA}.Debug|Any CPU.Build.0 = Debug|Any CPU
		{19017871-D951-4BF4-A5B7-5523889194BA}.Release|Any CPU.ActiveCfg = Release|Any CPU
		{19017871-D951-4BF4-A5B7-5523889194BA}.Release|Any CPU.Build.0 = Release|Any CPU
		{1017A286-0289-4904-90B1-A4B13993BBE7}.Debug|Any CPU.ActiveCfg = Debug|Any CPU
		{1017A286-0289-4904-90B1-A4B13993BBE7}.Debug|Any CPU.Build.0 = Debug|Any CPU
		{1017A286-0289-4904-90B1-A4B13993BBE7}.Release|Any CPU.ActiveCfg = Release|Any CPU
		{1017A286-0289-4904-90B1-A4B13993BBE7}.Release|Any CPU.Build.0 = Release|Any CPU
		{6D702613-D4E8-4ED7-8C2E-2C12EA834CA1}.Debug|Any CPU.ActiveCfg = Debug|Any CPU
		{6D702613-D4E8-4ED7-8C2E-2C12EA834CA1}.Debug|Any CPU.Build.0 = Debug|Any CPU
		{6D702613-D4E8-4ED7-8C2E-2C12EA834CA1}.Release|Any CPU.ActiveCfg = Release|Any CPU
		{6D702613-D4E8-4ED7-8C2E-2C12EA834CA1}.Release|Any CPU.Build.0 = Release|Any CPU
		{D0140B2B-5879-44DB-BE7F-D73F83AA80DD}.Debug|Any CPU.ActiveCfg = Debug|Any CPU
		{D0140B2B-5879-44DB-BE7F-D73F83AA80DD}.Debug|Any CPU.Build.0 = Debug|Any CPU
		{D0140B2B-5879-44DB-BE7F-D73F83AA80DD}.Release|Any CPU.ActiveCfg = Release|Any CPU
		{D0140B2B-5879-44DB-BE7F-D73F83AA80DD}.Release|Any CPU.Build.0 = Release|Any CPU
		{D0CF1015-A167-4FA9-9FD0-E42D07C24E82}.Debug|Any CPU.ActiveCfg = Debug|Any CPU
		{D0CF1015-A167-4FA9-9FD0-E42D07C24E82}.Debug|Any CPU.Build.0 = Debug|Any CPU
		{D0CF1015-A167-4FA9-9FD0-E42D07C24E82}.Release|Any CPU.ActiveCfg = Release|Any CPU
		{D0CF1015-A167-4FA9-9FD0-E42D07C24E82}.Release|Any CPU.Build.0 = Release|Any CPU
		{FD7D92FA-8802-4DA1-AD2F-C12B32876929}.Debug|Any CPU.ActiveCfg = Debug|Any CPU
		{FD7D92FA-8802-4DA1-AD2F-C12B32876929}.Debug|Any CPU.Build.0 = Debug|Any CPU
		{FD7D92FA-8802-4DA1-AD2F-C12B32876929}.Release|Any CPU.ActiveCfg = Release|Any CPU
		{FD7D92FA-8802-4DA1-AD2F-C12B32876929}.Release|Any CPU.Build.0 = Release|Any CPU
		{8F03AF0E-A50F-4904-BA89-14C5BCF42FA1}.Debug|Any CPU.ActiveCfg = Debug|Any CPU
		{8F03AF0E-A50F-4904-BA89-14C5BCF42FA1}.Debug|Any CPU.Build.0 = Debug|Any CPU
		{8F03AF0E-A50F-4904-BA89-14C5BCF42FA1}.Release|Any CPU.ActiveCfg = Release|Any CPU
		{8F03AF0E-A50F-4904-BA89-14C5BCF42FA1}.Release|Any CPU.Build.0 = Release|Any CPU
		{E9CF9325-8BCB-4421-916E-7FDC75421CA9}.Debug|Any CPU.ActiveCfg = Debug|Any CPU
		{E9CF9325-8BCB-4421-916E-7FDC75421CA9}.Debug|Any CPU.Build.0 = Debug|Any CPU
		{E9CF9325-8BCB-4421-916E-7FDC75421CA9}.Release|Any CPU.ActiveCfg = Release|Any CPU
		{E9CF9325-8BCB-4421-916E-7FDC75421CA9}.Release|Any CPU.Build.0 = Release|Any CPU
		{3299C628-47B6-4CD1-B9AA-60C8DC263F31}.Debug|Any CPU.ActiveCfg = Debug|Any CPU
		{3299C628-47B6-4CD1-B9AA-60C8DC263F31}.Debug|Any CPU.Build.0 = Debug|Any CPU
		{3299C628-47B6-4CD1-B9AA-60C8DC263F31}.Release|Any CPU.ActiveCfg = Release|Any CPU
		{3299C628-47B6-4CD1-B9AA-60C8DC263F31}.Release|Any CPU.Build.0 = Release|Any CPU
		{E49CEDE4-6130-4621-BAEA-C037B88C7BFD}.Debug|Any CPU.ActiveCfg = Debug|Any CPU
		{E49CEDE4-6130-4621-BAEA-C037B88C7BFD}.Debug|Any CPU.Build.0 = Debug|Any CPU
		{E49CEDE4-6130-4621-BAEA-C037B88C7BFD}.Release|Any CPU.ActiveCfg = Release|Any CPU
		{E49CEDE4-6130-4621-BAEA-C037B88C7BFD}.Release|Any CPU.Build.0 = Release|Any CPU
		{BD58FC5E-693E-44BE-AE18-BA94F85DF258}.Debug|Any CPU.ActiveCfg = Debug|Any CPU
		{BD58FC5E-693E-44BE-AE18-BA94F85DF258}.Debug|Any CPU.Build.0 = Debug|Any CPU
		{BD58FC5E-693E-44BE-AE18-BA94F85DF258}.Release|Any CPU.ActiveCfg = Release|Any CPU
		{BD58FC5E-693E-44BE-AE18-BA94F85DF258}.Release|Any CPU.Build.0 = Release|Any CPU
		{84F8DE30-3C99-44BA-8D1D-102E28CE3006}.Debug|Any CPU.ActiveCfg = Debug|Any CPU
		{84F8DE30-3C99-44BA-8D1D-102E28CE3006}.Debug|Any CPU.Build.0 = Debug|Any CPU
		{84F8DE30-3C99-44BA-8D1D-102E28CE3006}.Release|Any CPU.ActiveCfg = Release|Any CPU
		{84F8DE30-3C99-44BA-8D1D-102E28CE3006}.Release|Any CPU.Build.0 = Release|Any CPU
	EndGlobalSection
EndGlobal
